{
  "originHash" : "02f99f7e47c6cdf8ea309087e6d539cc092f95ecf0e626bdb1f107faac6e65d4",
  "pins" : [
    {
      "identity" : "grdb.swift",
      "kind" : "remoteSourceControl",
      "location" : "https://github.com/groue/GRDB.swift.git",
      "state" : {
        "revision" : "b83108d10f42680d78f23fe4d4d80fc88dab3212",
        "version" : "7.11.1"
      }
    },
    {
      "identity" : "kanna",
      "kind" : "remoteSourceControl",
      "location" : "https://github.com/tid-kijyun/Kanna.git",
      "state" : {
        "revision" : "3c73af6d3859d9240db60aef233941a715387744",
        "version" : "6.1.0"
      }
    },
    {
      "identity" : "plzmasdk",
      "kind" : "remoteSourceControl",
      "location" : "https://github.com/OlehKulykov/PLzmaSDK.git",
      "state" : {
        "revision" : "1b27a1c9df85805342d1b049427d6d1dc7ce713d"
      }
    },
    {
      "identity" : "swiftsoup",
      "kind" : "remoteSourceControl",
      "location" : "https://github.com/scinfu/SwiftSoup.git",
      "state" : {
        "revision" : "18b80329749eca5ea29fc50211dca5c7eff5bfec",
        "version" : "2.13.9"
      }
    },
    {
      "identity" : "unrar.swift",
      "kind" : "remoteSourceControl",
      "location" : "https://github.com/mtgto/Unrar.swift",
      "state" : {
        "revision" : "7216007a38ac122dbdeae26cfdaf7f10775c868f",
        "version" : "0.5.4"
      }
    }
  ],
  "version" : 3
}
