{
  "originHash" : "f6fc18a809372e320ab461a2856742be9710d76a3fbc7dfed305bf2c3e744d6c",
  "pins" : [
    {
      "identity" : "bitbytedata",
      "kind" : "remoteSourceControl",
      "location" : "https://github.com/tsolomko/BitByteData",
      "state" : {
        "revision" : "cdcdc5177ad536cfb11b95c620f926a81014b7fe",
        "version" : "2.0.4"
      }
    },
    {
      "identity" : "plzmasdk",
      "kind" : "remoteSourceControl",
      "location" : "https://github.com/OlehKulykov/PLzmaSDK.git",
      "state" : {
        "revision" : "1b27a1c9df85805342d1b049427d6d1dc7ce713d"
      }
    },
    {
      "identity" : "swcompression",
      "kind" : "remoteSourceControl",
      "location" : "https://github.com/tsolomko/SWCompression",
      "state" : {
        "revision" : "b0b560e4c65e080841fc72b9071ac17595efb4d4",
        "version" : "4.8.7"
      }
    },
    {
      "identity" : "unrar.swift",
      "kind" : "remoteSourceControl",
      "location" : "https://github.com/mtgto/Unrar.swift",
      "state" : {
        "revision" : "7216007a38ac122dbdeae26cfdaf7f10775c868f",
        "version" : "0.5.4"
      }
    }
  ],
  "version" : 3
}
