{
  "originHash" : "90707e688ac5e2a4326148eb3b3509f7534a53a9b3a8096c8cc5a621faed8fea",
  "pins" : [
    {
      "identity" : "bitbytedata",
      "kind" : "remoteSourceControl",
      "location" : "https://github.com/tsolomko/BitByteData",
      "state" : {
        "revision" : "cdcdc5177ad536cfb11b95c620f926a81014b7fe",
        "version" : "2.0.4"
      }
    },
    {
      "identity" : "swcompression",
      "kind" : "remoteSourceControl",
      "location" : "https://github.com/tsolomko/SWCompression",
      "state" : {
        "revision" : "b0b560e4c65e080841fc72b9071ac17595efb4d4",
        "version" : "4.8.7"
      }
    },
    {
      "identity" : "unrar.swift",
      "kind" : "remoteSourceControl",
      "location" : "https://github.com/mtgto/Unrar.swift",
      "state" : {
        "revision" : "7216007a38ac122dbdeae26cfdaf7f10775c868f",
        "version" : "0.5.4"
      }
    }
  ],
  "version" : 3
}
